
Microsoft Visual Studio Solution File, Format Version 12.00
# Visual Studio Version 16
VisualStudioVersion = 16.0.30907.101
MinimumVisualStudioVersion = 10.0.40219.1
Project("{9A19103F-16F7-4668-BE54-9A1E7A4F7556}") = "FederalRegisterClient", "FederalRegisterClient\FederalRegisterClient.csproj", "{05DAAEBD-EE8D-43C4-A238-A9126DF9DBD6}"
EndProject
Project("{FAE04EC0-301F-11D3-BF4B-00C04F79EFBC}") = "FederalRegisterClient.Tests", "FederalRegisterClient.Tests\FederalRegisterClient.Tests.csproj", "{CAB991B6-C41F-4B2B-85D8-721446CBC5EE}"
EndProject
Global
	GlobalSection(SolutionConfigurationPlatforms) = preSolution
		Debug|Any CPU = Debug|Any CPU
		Release|Any CPU = Release|Any CPU
	EndGlobalSection
	GlobalSection(ProjectConfigurationPlatforms) = postSolution
		{05DAAEBD-EE8D-43C4-A238-A9126DF9DBD6}.Debug|Any CPU.ActiveCfg = Debug|Any CPU
		{05DAAEBD-EE8D-43C4-A238-A9126DF9DBD6}.Debug|Any CPU.Build.0 = Debug|Any CPU
		{05DAAEBD-EE8D-43C4-A238-A9126DF9DBD6}.Release|Any CPU.ActiveCfg = Release|Any CPU
		{05DAAEBD-EE8D-43C4-A238-A9126DF9DBD6}.Release|Any CPU.Build.0 = Release|Any CPU
		{CAB991B6-C41F-4B2B-85D8-721446CBC5EE}.Debug|Any CPU.ActiveCfg = Debug|Any CPU
		{CAB991B6-C41F-4B2B-85D8-721446CBC5EE}.Debug|Any CPU.Build.0 = Debug|Any CPU
		{CAB991B6-C41F-4B2B-85D8-721446CBC5EE}.Release|Any CPU.ActiveCfg = Release|Any CPU
		{CAB991B6-C41F-4B2B-85D8-721446CBC5EE}.Release|Any CPU.Build.0 = Release|Any CPU
	EndGlobalSection
	GlobalSection(SolutionProperties) = preSolution
		HideSolutionNode = FALSE
	EndGlobalSection
	GlobalSection(ExtensibilityGlobals) = postSolution
		SolutionGuid = {7247D14D-463F-4F7A-9680-9B0484F3992B}
	EndGlobalSection
EndGlobal
